[[package]]
name = "aiofile"
version = "3.8.1"
description = "Asynchronous file operations."
category = "main"
optional = false
python-versions = ">=3.7, <4"

[package.dependencies]
caio = ">=0.9.0,<0.10.0"

[package.extras]
develop = ["aiomisc", "pytest", "pytest-cov"]

[[package]]
name = "aiopath"
version = "0.6.11"
description = "📁 Async pathlib for Python"
category = "main"
optional = false
python-versions = ">=3.10"

[package.dependencies]
aiofile = ">=3.5.0,<4"
anyio = ">=3.2.0,<4"

[[package]]
name = "aioshutil"
version = "1.2"
description = "Asynchronous shutil module."
category = "main"
optional = false
python-versions = ">=3.8"

[[package]]
name = "anyio"
version = "3.6.2"
description = "High level compatibility layer for multiple asynchronous event loop implementations"
category = "main"
optional = false
python-versions = ">=3.6.2"

[package.dependencies]
idna = ">=2.8"
sniffio = ">=1.1"

[package.extras]
doc = ["packaging", "sphinx-autodoc-typehints (>=1.2.0)", "sphinx-rtd-theme"]
test = ["contextlib2", "coverage[toml] (>=4.5)", "hypothesis (>=4.0)", "mock (>=4)", "pytest (>=7.0)", "pytest-mock (>=3.6.1)", "trustme", "uvloop (<0.15)", "uvloop (>=0.15)"]
trio = ["trio (>=0.16,<0.22)"]

[[package]]
name = "caio"
version = "0.9.11"
description = "Asynchronous file IO for Linux MacOS or Windows."
category = "main"
optional = false
python-versions = ">=3.7, <4"

[package.extras]
develop = ["aiomisc", "pytest", "pytest-cov"]

[[package]]
name = "idna"
version = "3.4"
description = "Internationalized Domain Names in Applications (IDNA)"
category = "main"
optional = false
python-versions = ">=3.5"

[[package]]
name = "sniffio"
version = "1.3.0"
description = "Sniff out which async library your code is running under"
category = "main"
optional = false
python-versions = ">=3.7"

[metadata]
lock-version = "1.1"
python-versions = "^3.10"
content-hash = "ff0ae13ff33f04124275c276c2ebd3aa1925dfd590677b8ba21250912fa1c54e"

[metadata.files]
aiofile = [
    {file = "aiofile-3.8.1.tar.gz", hash = "sha256:1623b98d88fbd16bbd2808d010de4e185a700e950ed3f17455dd851aa2455f40"},
]
aiopath = [
    {file = "aiopath-0.6.11-py2.py3-none-any.whl", hash = "sha256:7b1f1aa3acb422050908ac3c4755b5e43f625111be003f1bfc7dc2193027c45d"},
    {file = "aiopath-0.6.11.tar.gz", hash = "sha256:2f0d4d9195281612c6508cbfa12ac3184c31540d13b9e6215a325897da59decd"},
]
aioshutil = [
    {file = "aioshutil-1.2-py3-none-any.whl", hash = "sha256:64877f8fd2e819077e3e41f169267f89a1a2047af00ba6e569c8a79bf464f435"},
    {file = "aioshutil-1.2.tar.gz", hash = "sha256:ce3a69a1882cf930a650d23843bbcbea32559600ef1638f5ba0c0fa35fc345ac"},
]
anyio = [
    {file = "anyio-3.6.2-py3-none-any.whl", hash = "sha256:fbbe32bd270d2a2ef3ed1c5d45041250284e31fc0a4df4a5a6071842051a51e3"},
    {file = "anyio-3.6.2.tar.gz", hash = "sha256:25ea0d673ae30af41a0c442f81cf3b38c7e79fdc7b60335a4c14e05eb0947421"},
]
caio = [
    {file = "caio-0.9.11-cp310-cp310-macosx_10_15_x86_64.whl", hash = "sha256:3b9b2f1d94876ee3544b78d8a33e0c0091b79fe4bdc8cc00b64d4d9c59385195"},
    {file = "caio-0.9.11-cp310-cp310-manylinux_2_12_x86_64.manylinux2010_x86_64.manylinux_2_17_x86_64.manylinux2014_x86_64.whl", hash = "sha256:7a3adc061b2005e3e3e83066b5e9ac9966634ff65db5b60abe3bf1ec7f2c7903"},
    {file = "caio-0.9.11-cp310-cp310-manylinux_2_17_aarch64.manylinux2014_aarch64.whl", hash = "sha256:0a5c0d2d7d437c13ef72061acf0f4f878ae17642b73bd1d8a5594b9c7398f98e"},
    {file = "caio-0.9.11-cp311-cp311-macosx_10_9_universal2.whl", hash = "sha256:b9856bcb2f523e9ac2e00e75f3bd110a927b9ed0569a9d13c029d4b3aa8a79e4"},
    {file = "caio-0.9.11-cp311-cp311-manylinux_2_12_x86_64.manylinux2010_x86_64.manylinux_2_17_x86_64.manylinux2014_x86_64.whl", hash = "sha256:58e184d33e94962acbc9f4e8ff9b993ca6f78794de9018a2c3060cb2c190398e"},
    {file = "caio-0.9.11-cp311-cp311-manylinux_2_17_aarch64.manylinux2014_aarch64.whl", hash = "sha256:19255def9e395768573f002e9d01c3eaabbf6f4dda68a1c56a0862403da1faa6"},
    {file = "caio-0.9.11-cp37-cp37m-macosx_10_15_x86_64.whl", hash = "sha256:8157587b6ee340d7510c7e37b6f5f1223ec363154b38b43b718c7cc6b77d58c2"},
    {file = "caio-0.9.11-cp37-cp37m-manylinux_2_12_x86_64.manylinux2010_x86_64.manylinux_2_17_x86_64.manylinux2014_x86_64.whl", hash = "sha256:6e81dd50f9b53db5214469f3b953bb16cfb96c05f08f334c7aaf0d9096c37689"},
    {file = "caio-0.9.11-cp37-cp37m-manylinux_2_17_aarch64.manylinux2014_aarch64.whl", hash = "sha256:7dcd1f63e50b6a175750bf1fd92734b0a9a53108ee14afa72971b64da1d701e5"},
    {file = "caio-0.9.11-cp38-cp38-macosx_10_15_x86_64.whl", hash = "sha256:e02e0c241b6dc19be0f85ece23ff6861907ef1cc6a8923a81345887a79f29300"},
    {file = "caio-0.9.11-cp38-cp38-manylinux_2_12_x86_64.manylinux2010_x86_64.manylinux_2_17_x86_64.manylinux2014_x86_64.whl", hash = "sha256:22ad87a94b2062151ef78c613711c97ddcebba7399ece39e4fd88728853137d2"},
    {file = "caio-0.9.11-cp38-cp38-manylinux_2_17_aarch64.manylinux2014_aarch64.whl", hash = "sha256:cf65276487232bca415f62699298601537b558d8fd11b038633e555c45d0e82f"},
    {file = "caio-0.9.11-cp39-cp39-macosx_10_15_x86_64.whl", hash = "sha256:2086d65b157d39b0f070a3e6dfbca970c69d15547dfa9ef346506f4da968e960"},
    {file = "caio-0.9.11-cp39-cp39-manylinux_2_12_x86_64.manylinux2010_x86_64.manylinux_2_17_x86_64.manylinux2014_x86_64.whl", hash = "sha256:510f01f71361d31ce8938f691e96a7a1306c29e0475aa59a77300a61b6f0732a"},
    {file = "caio-0.9.11-cp39-cp39-manylinux_2_17_aarch64.manylinux2014_aarch64.whl", hash = "sha256:8e35124be09f9f26a420c279bbabb5ef0626ce0edff3e5b445e6102855453d63"},
    {file = "caio-0.9.11-py3-none-any.whl", hash = "sha256:287f7a598d8497588f0f0578eb90343b0c9ff3803b57c24e58f54793333132bf"},
    {file = "caio-0.9.11.tar.gz", hash = "sha256:33ca49789bf2d55bc3f5def36784c4624fbf16b78e9c299a2c7f6f22ac084aa6"},
]
idna = [
    {file = "idna-3.4-py3-none-any.whl", hash = "sha256:90b77e79eaa3eba6de819a0c442c0b4ceefc341a7a2ab77d7562bf49f425c5c2"},
    {file = "idna-3.4.tar.gz", hash = "sha256:814f528e8dead7d329833b91c5faa87d60bf71824cd12a7530b5526063d02cb4"},
]
sniffio = [
    {file = "sniffio-1.3.0-py3-none-any.whl", hash = "sha256:eecefdce1e5bbfb7ad2eeaabf7c1eeb404d7757c379bd1f7e5cce9d8bf425384"},
    {file = "sniffio-1.3.0.tar.gz", hash = "sha256:e60305c5e5d314f5389259b7f22aaa33d8f7dee49763119234af3755c55b9101"},
]
